
Microsoft Visual Studio Solution File, Format Version 12.00
# Visual Studio Version 16
VisualStudioVersion = 16.0.32228.343
MinimumVisualStudioVersion = 10.0.40219.1
Project("{8BC9CEB8-8B4A-11D0-8D11-00A0C91BC942}") = "LectureRoadTrip", "LectureRoadTrip\LectureRoadTrip.vcxproj", "{D735A6EB-FA26-437A-947E-055938CB583E}"
EndProject
Project("{8BC9CEB8-8B4A-11D0-8D11-00A0C91BC942}") = "LectureAp13", "LectureAp13\LectureAp13.vcxproj", "{636F972F-8C74-4AA7-B73A-1E956ACA23D8}"
EndProject
Global
	GlobalSection(SolutionConfigurationPlatforms) = preSolution
		Debug|x64 = Debug|x64
		Debug|x86 = Debug|x86
		Release|x64 = Release|x64
		Release|x86 = Release|x86
	EndGlobalSection
	GlobalSection(ProjectConfigurationPlatforms) = postSolution
		{D735A6EB-FA26-437A-947E-055938CB583E}.Debug|x64.ActiveCfg = Debug|x64
		{D735A6EB-FA26-437A-947E-055938CB583E}.Debug|x64.Build.0 = Debug|x64
		{D735A6EB-FA26-437A-947E-055938CB583E}.Debug|x86.ActiveCfg = Debug|Win32
		{D735A6EB-FA26-437A-947E-055938CB583E}.Debug|x86.Build.0 = Debug|Win32
		{D735A6EB-FA26-437A-947E-055938CB583E}.Release|x64.ActiveCfg = Release|x64
		{D735A6EB-FA26-437A-947E-055938CB583E}.Release|x64.Build.0 = Release|x64
		{D735A6EB-FA26-437A-947E-055938CB583E}.Release|x86.ActiveCfg = Release|Win32
		{D735A6EB-FA26-437A-947E-055938CB583E}.Release|x86.Build.0 = Release|Win32
		{636F972F-8C74-4AA7-B73A-1E956ACA23D8}.Debug|x64.ActiveCfg = Debug|x64
		{636F972F-8C74-4AA7-B73A-1E956ACA23D8}.Debug|x64.Build.0 = Debug|x64
		{636F972F-8C74-4AA7-B73A-1E956ACA23D8}.Debug|x86.ActiveCfg = Debug|Win32
		{636F972F-8C74-4AA7-B73A-1E956ACA23D8}.Debug|x86.Build.0 = Debug|Win32
		{636F972F-8C74-4AA7-B73A-1E956ACA23D8}.Release|x64.ActiveCfg = Release|x64
		{636F972F-8C74-4AA7-B73A-1E956ACA23D8}.Release|x64.Build.0 = Release|x64
		{636F972F-8C74-4AA7-B73A-1E956ACA23D8}.Release|x86.ActiveCfg = Release|Win32
		{636F972F-8C74-4AA7-B73A-1E956ACA23D8}.Release|x86.Build.0 = Release|Win32
	EndGlobalSection
	GlobalSection(SolutionProperties) = preSolution
		HideSolutionNode = FALSE
	EndGlobalSection
	GlobalSection(ExtensibilityGlobals) = postSolution
		SolutionGuid = {B0B57920-8C42-417D-9052-34AD1BAC651E}
	EndGlobalSection
EndGlobal
