
Microsoft Visual Studio Solution File, Format Version 12.00
# Visual Studio Version 16
VisualStudioVersion = 16.0.32228.343
MinimumVisualStudioVersion = 10.0.40219.1
Project("{8BC9CEB8-8B4A-11D0-8D11-00A0C91BC942}") = "Calculator1", "Calculator1\Calculator1.vcxproj", "{7FEB9253-1A34-4240-BBE1-4C85B7BD6609}"
EndProject
Project("{8BC9CEB8-8B4A-11D0-8D11-00A0C91BC942}") = "CMainTests", "CMainTests\CMainTests.vcxproj", "{8D80587B-188A-4725-B906-171B846672C5}"
EndProject
Global
	GlobalSection(SolutionConfigurationPlatforms) = preSolution
		Debug|x64 = Debug|x64
		Debug|x86 = Debug|x86
		Release|x64 = Release|x64
		Release|x86 = Release|x86
	EndGlobalSection
	GlobalSection(ProjectConfigurationPlatforms) = postSolution
		{7FEB9253-1A34-4240-BBE1-4C85B7BD6609}.Debug|x64.ActiveCfg = Debug|x64
		{7FEB9253-1A34-4240-BBE1-4C85B7BD6609}.Debug|x64.Build.0 = Debug|x64
		{7FEB9253-1A34-4240-BBE1-4C85B7BD6609}.Debug|x86.ActiveCfg = Debug|Win32
		{7FEB9253-1A34-4240-BBE1-4C85B7BD6609}.Debug|x86.Build.0 = Debug|Win32
		{7FEB9253-1A34-4240-BBE1-4C85B7BD6609}.Release|x64.ActiveCfg = Release|x64
		{7FEB9253-1A34-4240-BBE1-4C85B7BD6609}.Release|x64.Build.0 = Release|x64
		{7FEB9253-1A34-4240-BBE1-4C85B7BD6609}.Release|x86.ActiveCfg = Release|Win32
		{7FEB9253-1A34-4240-BBE1-4C85B7BD6609}.Release|x86.Build.0 = Release|Win32
		{8D80587B-188A-4725-B906-171B846672C5}.Debug|x64.ActiveCfg = Debug|x64
		{8D80587B-188A-4725-B906-171B846672C5}.Debug|x64.Build.0 = Debug|x64
		{8D80587B-188A-4725-B906-171B846672C5}.Debug|x86.ActiveCfg = Debug|Win32
		{8D80587B-188A-4725-B906-171B846672C5}.Debug|x86.Build.0 = Debug|Win32
		{8D80587B-188A-4725-B906-171B846672C5}.Release|x64.ActiveCfg = Release|x64
		{8D80587B-188A-4725-B906-171B846672C5}.Release|x64.Build.0 = Release|x64
		{8D80587B-188A-4725-B906-171B846672C5}.Release|x86.ActiveCfg = Release|Win32
		{8D80587B-188A-4725-B906-171B846672C5}.Release|x86.Build.0 = Release|Win32
	EndGlobalSection
	GlobalSection(SolutionProperties) = preSolution
		HideSolutionNode = FALSE
	EndGlobalSection
	GlobalSection(ExtensibilityGlobals) = postSolution
		SolutionGuid = {745A88AD-DC50-47CB-8B21-32CD523C81BE}
	EndGlobalSection
EndGlobal
